
Microsoft Visual Studio Solution File, Format Version 12.00
# Visual Studio Version 17
VisualStudioVersion = 17.10.35122.118
MinimumVisualStudioVersion = 10.0.40219.1
Project("{FAE04EC0-301F-11D3-BF4B-00C04F79EFBC}") = "proyecto4", "proyecto4\proyecto4.csproj", "{07148E7F-EFB9-45CE-A2D2-C839CF7C3E2A}"
EndProject
Global
	GlobalSection(SolutionConfigurationPlatforms) = preSolution
		Debug|Any CPU = Debug|Any CPU
		Release|Any CPU = Release|Any CPU
	EndGlobalSection
	GlobalSection(ProjectConfigurationPlatforms) = postSolution
		{07148E7F-EFB9-45CE-A2D2-C839CF7C3E2A}.Debug|Any CPU.ActiveCfg = Debug|Any CPU
		{07148E7F-EFB9-45CE-A2D2-C839CF7C3E2A}.Debug|Any CPU.Build.0 = Debug|Any CPU
		{07148E7F-EFB9-45CE-A2D2-C839CF7C3E2A}.Release|Any CPU.ActiveCfg = Release|Any CPU
		{07148E7F-EFB9-45CE-A2D2-C839CF7C3E2A}.Release|Any CPU.Build.0 = Release|Any CPU
	EndGlobalSection
	GlobalSection(SolutionProperties) = preSolution
		HideSolutionNode = FALSE
	EndGlobalSection
	GlobalSection(ExtensibilityGlobals) = postSolution
		SolutionGuid = {3C208072-F297-4248-8705-0985E9134B20}
	EndGlobalSection
EndGlobal
